
Microsoft Visual Studio Solution File, Format Version 12.00
# Visual Studio Version 17
VisualStudioVersion = 17.11.35303.130
MinimumVisualStudioVersion = 10.0.40219.1
Project("{FAE04EC0-301F-11D3-BF4B-00C04F79EFBC}") = "MCantrell-CPT-206-Lab-2", "MCantrell-CPT-206-Lab-2.csproj", "{E932199C-8A83-4CAB-A550-A9B79BC284A3}"
EndProject
Global
	GlobalSection(SolutionConfigurationPlatforms) = preSolution
		Debug|Any CPU = Debug|Any CPU
		Release|Any CPU = Release|Any CPU
	EndGlobalSection
	GlobalSection(ProjectConfigurationPlatforms) = postSolution
		{E932199C-8A83-4CAB-A550-A9B79BC284A3}.Debug|Any CPU.ActiveCfg = Debug|Any CPU
		{E932199C-8A83-4CAB-A550-A9B79BC284A3}.Debug|Any CPU.Build.0 = Debug|Any CPU
		{E932199C-8A83-4CAB-A550-A9B79BC284A3}.Release|Any CPU.ActiveCfg = Release|Any CPU
		{E932199C-8A83-4CAB-A550-A9B79BC284A3}.Release|Any CPU.Build.0 = Release|Any CPU
	EndGlobalSection
	GlobalSection(SolutionProperties) = preSolution
		HideSolutionNode = FALSE
	EndGlobalSection
	GlobalSection(ExtensibilityGlobals) = postSolution
		SolutionGuid = {75C240F2-F0D8-44D6-851F-D24826C11224}
	EndGlobalSection
EndGlobal
